
Microsoft Visual Studio Solution File, Format Version 12.00
# Visual Studio Version 16
VisualStudioVersion = 16.0.31321.278
MinimumVisualStudioVersion = 10.0.40219.1
Project("{FAE04EC0-301F-11D3-BF4B-00C04F79EFBC}") = "SourceGeneratorBeautifier", "SourceGeneratorBeautifier\SourceGeneratorBeautifier.csproj", "{47921D20-27A7-4318-967A-830F69776AF5}"
EndProject
Project("{FAE04EC0-301F-11D3-BF4B-00C04F79EFBC}") = "Test", "Test\Test.csproj", "{35F62A74-E1FE-4C77-9130-B78DC0954325}"
EndProject
Global
	GlobalSection(SolutionConfigurationPlatforms) = preSolution
		Debug|Any CPU = Debug|Any CPU
		Release|Any CPU = Release|Any CPU
	EndGlobalSection
	GlobalSection(ProjectConfigurationPlatforms) = postSolution
		{47921D20-27A7-4318-967A-830F69776AF5}.Debug|Any CPU.ActiveCfg = Debug|Any CPU
		{47921D20-27A7-4318-967A-830F69776AF5}.Debug|Any CPU.Build.0 = Debug|Any CPU
		{47921D20-27A7-4318-967A-830F69776AF5}.Release|Any CPU.ActiveCfg = Release|Any CPU
		{47921D20-27A7-4318-967A-830F69776AF5}.Release|Any CPU.Build.0 = Release|Any CPU
		{35F62A74-E1FE-4C77-9130-B78DC0954325}.Debug|Any CPU.ActiveCfg = Debug|Any CPU
		{35F62A74-E1FE-4C77-9130-B78DC0954325}.Debug|Any CPU.Build.0 = Debug|Any CPU
		{35F62A74-E1FE-4C77-9130-B78DC0954325}.Release|Any CPU.ActiveCfg = Release|Any CPU
		{35F62A74-E1FE-4C77-9130-B78DC0954325}.Release|Any CPU.Build.0 = Release|Any CPU
	EndGlobalSection
	GlobalSection(SolutionProperties) = preSolution
		HideSolutionNode = FALSE
	EndGlobalSection
	GlobalSection(ExtensibilityGlobals) = postSolution
		SolutionGuid = {3AB30DD9-40B8-4F68-8942-A5D934C4C428}
	EndGlobalSection
EndGlobal
